
Microsoft Visual Studio Solution File, Format Version 12.00
# Visual Studio Version 16
VisualStudioVersion = 16.0.30114.105
MinimumVisualStudioVersion = 10.0.40219.1
Project("{FAE04EC0-301F-11D3-BF4B-00C04F79EFBC}") = "Cw13", "Cw13\Cw13.csproj", "{C7FC1D7C-5BA7-47D3-B5A4-FF3F3CDC8666}"
EndProject
Global
	GlobalSection(SolutionConfigurationPlatforms) = preSolution
		Debug|Any CPU = Debug|Any CPU
		Release|Any CPU = Release|Any CPU
	EndGlobalSection
	GlobalSection(ProjectConfigurationPlatforms) = postSolution
		{C7FC1D7C-5BA7-47D3-B5A4-FF3F3CDC8666}.Debug|Any CPU.ActiveCfg = Debug|Any CPU
		{C7FC1D7C-5BA7-47D3-B5A4-FF3F3CDC8666}.Debug|Any CPU.Build.0 = Debug|Any CPU
		{C7FC1D7C-5BA7-47D3-B5A4-FF3F3CDC8666}.Release|Any CPU.ActiveCfg = Release|Any CPU
		{C7FC1D7C-5BA7-47D3-B5A4-FF3F3CDC8666}.Release|Any CPU.Build.0 = Release|Any CPU
	EndGlobalSection
	GlobalSection(SolutionProperties) = preSolution
		HideSolutionNode = FALSE
	EndGlobalSection
	GlobalSection(ExtensibilityGlobals) = postSolution
		SolutionGuid = {AFD18C74-9BBC-4754-AACD-69AD581E6BC0}
	EndGlobalSection
EndGlobal
